
Microsoft Visual Studio Solution File, Format Version 12.00
# Visual Studio Version 16
VisualStudioVersion = 16.0.30330.147
MinimumVisualStudioVersion = 10.0.40219.1
Project("{FAE04EC0-301F-11D3-BF4B-00C04F79EFBC}") = "Thermometor", "Thermometor\Thermometor.csproj", "{74E5EAA9-97FC-42F7-98DA-A88F019A839E}"
EndProject
Global
	GlobalSection(SolutionConfigurationPlatforms) = preSolution
		Debug|Any CPU = Debug|Any CPU
		Release|Any CPU = Release|Any CPU
	EndGlobalSection
	GlobalSection(ProjectConfigurationPlatforms) = postSolution
		{74E5EAA9-97FC-42F7-98DA-A88F019A839E}.Debug|Any CPU.ActiveCfg = Debug|Any CPU
		{74E5EAA9-97FC-42F7-98DA-A88F019A839E}.Debug|Any CPU.Build.0 = Debug|Any CPU
		{74E5EAA9-97FC-42F7-98DA-A88F019A839E}.Release|Any CPU.ActiveCfg = Release|Any CPU
		{74E5EAA9-97FC-42F7-98DA-A88F019A839E}.Release|Any CPU.Build.0 = Release|Any CPU
	EndGlobalSection
	GlobalSection(SolutionProperties) = preSolution
		HideSolutionNode = FALSE
	EndGlobalSection
	GlobalSection(ExtensibilityGlobals) = postSolution
		SolutionGuid = {FB3FAD23-F47D-4CFB-BC51-9CA16DE2EEFC}
	EndGlobalSection
EndGlobal
